// !$*UTF8*$!
{
	archiveVersion = 1;
	classes = {
	};
	objectVersion = 56;
	objects = {

/* Begin PBXBuildFile section */
		CD4633652A57D4A400DFB47B /* SignupWebServiceTests.swift in Sources */ = {isa = PBXBuildFile; fileRef = CD4633642A57D4A400DFB47B /* SignupWebServiceTests.swift */; };
		CD4633672A57D51F00DFB47B /* SignupWebService.swift in Sources */ = {isa = PBXBuildFile; fileRef = CD4633662A57D51F00DFB47B /* SignupWebService.swift */; };
		CD4633682A57D51F00DFB47B /* SignupWebService.swift in Sources */ = {isa = PBXBuildFile; fileRef = CD4633662A57D51F00DFB47B /* SignupWebService.swift */; };
		CD46336A2A57D5D600DFB47B /* SignupFormRequestModel.swift in Sources */ = {isa = PBXBuildFile; fileRef = CD4633692A57D5D600DFB47B /* SignupFormRequestModel.swift */; };
		CD46336B2A57D5D600DFB47B /* SignupFormRequestModel.swift in Sources */ = {isa = PBXBuildFile; fileRef = CD4633692A57D5D600DFB47B /* SignupFormRequestModel.swift */; };
		CD46336D2A57D79900DFB47B /* SignupResponseModel.swift in Sources */ = {isa = PBXBuildFile; fileRef = CD46336C2A57D79900DFB47B /* SignupResponseModel.swift */; };
		CD46336F2A57D7A700DFB47B /* SignupError.swift in Sources */ = {isa = PBXBuildFile; fileRef = CD46336E2A57D7A700DFB47B /* SignupError.swift */; };
		CD897AE82A57B8AE00F4A8CB /* AppDelegate.swift in Sources */ = {isa = PBXBuildFile; fileRef = CD897AE72A57B8AE00F4A8CB /* AppDelegate.swift */; };
		CD897AEA2A57B8AE00F4A8CB /* SceneDelegate.swift in Sources */ = {isa = PBXBuildFile; fileRef = CD897AE92A57B8AE00F4A8CB /* SceneDelegate.swift */; };
		CD897AEC2A57B8AE00F4A8CB /* ViewController.swift in Sources */ = {isa = PBXBuildFile; fileRef = CD897AEB2A57B8AE00F4A8CB /* ViewController.swift */; };
		CD897AEF2A57B8AE00F4A8CB /* Main.storyboard in Resources */ = {isa = PBXBuildFile; fileRef = CD897AED2A57B8AE00F4A8CB /* Main.storyboard */; };
		CD897AF12A57B8AF00F4A8CB /* Assets.xcassets in Resources */ = {isa = PBXBuildFile; fileRef = CD897AF02A57B8AF00F4A8CB /* Assets.xcassets */; };
		CD897AF42A57B8AF00F4A8CB /* LaunchScreen.storyboard in Resources */ = {isa = PBXBuildFile; fileRef = CD897AF22A57B8AF00F4A8CB /* LaunchScreen.storyboard */; };
		CD897AFF2A57B8AF00F4A8CB /* PhotoAppTests.swift in Sources */ = {isa = PBXBuildFile; fileRef = CD897AFE2A57B8AF00F4A8CB /* PhotoAppTests.swift */; };
		CD897B092A57B8AF00F4A8CB /* PhotoAppUITests.swift in Sources */ = {isa = PBXBuildFile; fileRef = CD897B082A57B8AF00F4A8CB /* PhotoAppUITests.swift */; };
		CD897B0B2A57B8AF00F4A8CB /* PhotoAppUITestsLaunchTests.swift in Sources */ = {isa = PBXBuildFile; fileRef = CD897B0A2A57B8AF00F4A8CB /* PhotoAppUITestsLaunchTests.swift */; };
		CD897B192A57C24700F4A8CB /* SignupFormValidator.swift in Sources */ = {isa = PBXBuildFile; fileRef = CD897B182A57C24700F4A8CB /* SignupFormValidator.swift */; };
		CD897B1C2A57C26600F4A8CB /* SignupFormValidatorTests.swift in Sources */ = {isa = PBXBuildFile; fileRef = CD897B1B2A57C26600F4A8CB /* SignupFormValidatorTests.swift */; };
		CD897B1D2A57C34E00F4A8CB /* SignupFormValidator.swift in Sources */ = {isa = PBXBuildFile; fileRef = CD897B182A57C24700F4A8CB /* SignupFormValidator.swift */; };
/* End PBXBuildFile section */

/* Begin PBXContainerItemProxy section */
		CD897AFB2A57B8AF00F4A8CB /* PBXContainerItemProxy */ = {
			isa = PBXContainerItemProxy;
			containerPortal = CD897ADC2A57B8AE00F4A8CB /* Project object */;
			proxyType = 1;
			remoteGlobalIDString = CD897AE32A57B8AE00F4A8CB;
			remoteInfo = PhotoApp;
		};
		CD897B052A57B8AF00F4A8CB /* PBXContainerItemProxy */ = {
			isa = PBXContainerItemProxy;
			containerPortal = CD897ADC2A57B8AE00F4A8CB /* Project object */;
			proxyType = 1;
			remoteGlobalIDString = CD897AE32A57B8AE00F4A8CB;
			remoteInfo = PhotoApp;
		};
/* End PBXContainerItemProxy section */

/* Begin PBXFileReference section */
		CD4633642A57D4A400DFB47B /* SignupWebServiceTests.swift */ = {isa = PBXFileReference; lastKnownFileType = sourcecode.swift; path = SignupWebServiceTests.swift; sourceTree = "<group>"; };
		CD4633662A57D51F00DFB47B /* SignupWebService.swift */ = {isa = PBXFileReference; lastKnownFileType = sourcecode.swift; path = SignupWebService.swift; sourceTree = "<group>"; };
		CD4633692A57D5D600DFB47B /* SignupFormRequestModel.swift */ = {isa = PBXFileReference; lastKnownFileType = sourcecode.swift; name = SignupFormRequestModel.swift; path = PhotoApp/Signup/Models/SignupFormRequestModel.swift; sourceTree = SOURCE_ROOT; };
		CD46336C2A57D79900DFB47B /* SignupResponseModel.swift */ = {isa = PBXFileReference; lastKnownFileType = sourcecode.swift; path = SignupResponseModel.swift; sourceTree = "<group>"; };
		CD46336E2A57D7A700DFB47B /* SignupError.swift */ = {isa = PBXFileReference; lastKnownFileType = sourcecode.swift; path = SignupError.swift; sourceTree = "<group>"; };
		CD897AE42A57B8AE00F4A8CB /* PhotoApp.app */ = {isa = PBXFileReference; explicitFileType = wrapper.application; includeInIndex = 0; path = PhotoApp.app; sourceTree = BUILT_PRODUCTS_DIR; };
		CD897AE72A57B8AE00F4A8CB /* AppDelegate.swift */ = {isa = PBXFileReference; lastKnownFileType = sourcecode.swift; path = AppDelegate.swift; sourceTree = "<group>"; };
		CD897AE92A57B8AE00F4A8CB /* SceneDelegate.swift */ = {isa = PBXFileReference; lastKnownFileType = sourcecode.swift; path = SceneDelegate.swift; sourceTree = "<group>"; };
		CD897AEB2A57B8AE00F4A8CB /* ViewController.swift */ = {isa = PBXFileReference; lastKnownFileType = sourcecode.swift; path = ViewController.swift; sourceTree = "<group>"; };
		CD897AEE2A57B8AE00F4A8CB /* Base */ = {isa = PBXFileReference; lastKnownFileType = file.storyboard; name = Base; path = Base.lproj/Main.storyboard; sourceTree = "<group>"; };
		CD897AF02A57B8AF00F4A8CB /* Assets.xcassets */ = {isa = PBXFileReference; lastKnownFileType = folder.assetcatalog; path = Assets.xcassets; sourceTree = "<group>"; };
		CD897AF32A57B8AF00F4A8CB /* Base */ = {isa = PBXFileReference; lastKnownFileType = file.storyboard; name = Base; path = Base.lproj/LaunchScreen.storyboard; sourceTree = "<group>"; };
		CD897AF52A57B8AF00F4A8CB /* Info.plist */ = {isa = PBXFileReference; lastKnownFileType = text.plist.xml; path = Info.plist; sourceTree = "<group>"; };
		CD897AFA2A57B8AF00F4A8CB /* PhotoAppTests.xctest */ = {isa = PBXFileReference; explicitFileType = wrapper.cfbundle; includeInIndex = 0; path = PhotoAppTests.xctest; sourceTree = BUILT_PRODUCTS_DIR; };
		CD897AFE2A57B8AF00F4A8CB /* PhotoAppTests.swift */ = {isa = PBXFileReference; lastKnownFileType = sourcecode.swift; path = PhotoAppTests.swift; sourceTree = "<group>"; };
		CD897B042A57B8AF00F4A8CB /* PhotoAppUITests.xctest */ = {isa = PBXFileReference; explicitFileType = wrapper.cfbundle; includeInIndex = 0; path = PhotoAppUITests.xctest; sourceTree = BUILT_PRODUCTS_DIR; };
		CD897B082A57B8AF00F4A8CB /* PhotoAppUITests.swift */ = {isa = PBXFileReference; lastKnownFileType = sourcecode.swift; path = PhotoAppUITests.swift; sourceTree = "<group>"; };
		CD897B0A2A57B8AF00F4A8CB /* PhotoAppUITestsLaunchTests.swift */ = {isa = PBXFileReference; lastKnownFileType = sourcecode.swift; path = PhotoAppUITestsLaunchTests.swift; sourceTree = "<group>"; };
		CD897B172A57BDAA00F4A8CB /* PhotoApp.xctestplan */ = {isa = PBXFileReference; lastKnownFileType = text; path = PhotoApp.xctestplan; sourceTree = "<group>"; };
		CD897B182A57C24700F4A8CB /* SignupFormValidator.swift */ = {isa = PBXFileReference; lastKnownFileType = sourcecode.swift; path = SignupFormValidator.swift; sourceTree = "<group>"; };
		CD897B1B2A57C26600F4A8CB /* SignupFormValidatorTests.swift */ = {isa = PBXFileReference; lastKnownFileType = sourcecode.swift; path = SignupFormValidatorTests.swift; sourceTree = "<group>"; };
/* End PBXFileReference section */

/* Begin PBXFrameworksBuildPhase section */
		CD897AE12A57B8AE00F4A8CB /* Frameworks */ = {
			isa = PBXFrameworksBuildPhase;
			buildActionMask = 2147483647;
			files = (
			);
			runOnlyForDeploymentPostprocessing = 0;
		};
		CD897AF72A57B8AF00F4A8CB /* Frameworks */ = {
			isa = PBXFrameworksBuildPhase;
			buildActionMask = 2147483647;
			files = (
			);
			runOnlyForDeploymentPostprocessing = 0;
		};
		CD897B012A57B8AF00F4A8CB /* Frameworks */ = {
			isa = PBXFrameworksBuildPhase;
			buildActionMask = 2147483647;
			files = (
			);
			runOnlyForDeploymentPostprocessing = 0;
		};
/* End PBXFrameworksBuildPhase section */

/* Begin PBXGroup section */
		CD4633702A57D86F00DFB47B /* Signup */ = {
			isa = PBXGroup;
			children = (
				CD4633742A57D9FD00DFB47B /* StoryBoards */,
				CD4633732A57D9E500DFB47B /* Network */,
				CD4633722A57D9BC00DFB47B /* Controllers */,
				CD4633712A57D8A400DFB47B /* Models */,
			);
			path = Signup;
			sourceTree = "<group>";
		};
		CD4633712A57D8A400DFB47B /* Models */ = {
			isa = PBXGroup;
			children = (
				CD897B182A57C24700F4A8CB /* SignupFormValidator.swift */,
				CD46336E2A57D7A700DFB47B /* SignupError.swift */,
				CD4633692A57D5D600DFB47B /* SignupFormRequestModel.swift */,
				CD46336C2A57D79900DFB47B /* SignupResponseModel.swift */,
			);
			path = Models;
			sourceTree = "<group>";
		};
		CD4633722A57D9BC00DFB47B /* Controllers */ = {
			isa = PBXGroup;
			children = (
				CD897AEB2A57B8AE00F4A8CB /* ViewController.swift */,
			);
			path = Controllers;
			sourceTree = "<group>";
		};
		CD4633732A57D9E500DFB47B /* Network */ = {
			isa = PBXGroup;
			children = (
				CD4633662A57D51F00DFB47B /* SignupWebService.swift */,
			);
			path = Network;
			sourceTree = "<group>";
		};
		CD4633742A57D9FD00DFB47B /* StoryBoards */ = {
			isa = PBXGroup;
			children = (
				CD897AED2A57B8AE00F4A8CB /* Main.storyboard */,
			);
			path = StoryBoards;
			sourceTree = "<group>";
		};
		CD4633752A57DA2900DFB47B /* Signup */ = {
			isa = PBXGroup;
			children = (
				CD4633782A57DA3E00DFB47B /* Controllers */,
				CD4633772A57DA3400DFB47B /* Network */,
				CD4633762A57DA2F00DFB47B /* Models */,
			);
			path = Signup;
			sourceTree = "<group>";
		};
		CD4633762A57DA2F00DFB47B /* Models */ = {
			isa = PBXGroup;
			children = (
				CD897B1B2A57C26600F4A8CB /* SignupFormValidatorTests.swift */,
			);
			path = Models;
			sourceTree = "<group>";
		};
		CD4633772A57DA3400DFB47B /* Network */ = {
			isa = PBXGroup;
			children = (
				CD4633642A57D4A400DFB47B /* SignupWebServiceTests.swift */,
			);
			path = Network;
			sourceTree = "<group>";
		};
		CD4633782A57DA3E00DFB47B /* Controllers */ = {
			isa = PBXGroup;
			children = (
			);
			path = Controllers;
			sourceTree = "<group>";
		};
		CD897ADB2A57B8AE00F4A8CB = {
			isa = PBXGroup;
			children = (
				CD897B172A57BDAA00F4A8CB /* PhotoApp.xctestplan */,
				CD897AE62A57B8AE00F4A8CB /* PhotoApp */,
				CD897AFD2A57B8AF00F4A8CB /* PhotoAppTests */,
				CD897B072A57B8AF00F4A8CB /* PhotoAppUITests */,
				CD897AE52A57B8AE00F4A8CB /* Products */,
			);
			sourceTree = "<group>";
		};
		CD897AE52A57B8AE00F4A8CB /* Products */ = {
			isa = PBXGroup;
			children = (
				CD897AE42A57B8AE00F4A8CB /* PhotoApp.app */,
				CD897AFA2A57B8AF00F4A8CB /* PhotoAppTests.xctest */,
				CD897B042A57B8AF00F4A8CB /* PhotoAppUITests.xctest */,
			);
			name = Products;
			sourceTree = "<group>";
		};
		CD897AE62A57B8AE00F4A8CB /* PhotoApp */ = {
			isa = PBXGroup;
			children = (
				CD4633702A57D86F00DFB47B /* Signup */,
				CD897AE72A57B8AE00F4A8CB /* AppDelegate.swift */,
				CD897AE92A57B8AE00F4A8CB /* SceneDelegate.swift */,
				CD897AF02A57B8AF00F4A8CB /* Assets.xcassets */,
				CD897AF22A57B8AF00F4A8CB /* LaunchScreen.storyboard */,
				CD897AF52A57B8AF00F4A8CB /* Info.plist */,
			);
			path = PhotoApp;
			sourceTree = "<group>";
		};
		CD897AFD2A57B8AF00F4A8CB /* PhotoAppTests */ = {
			isa = PBXGroup;
			children = (
				CD4633752A57DA2900DFB47B /* Signup */,
				CD897AFE2A57B8AF00F4A8CB /* PhotoAppTests.swift */,
			);
			path = PhotoAppTests;
			sourceTree = "<group>";
		};
		CD897B072A57B8AF00F4A8CB /* PhotoAppUITests */ = {
			isa = PBXGroup;
			children = (
				CD897B082A57B8AF00F4A8CB /* PhotoAppUITests.swift */,
				CD897B0A2A57B8AF00F4A8CB /* PhotoAppUITestsLaunchTests.swift */,
			);
			path = PhotoAppUITests;
			sourceTree = "<group>";
		};
/* End PBXGroup section */

/* Begin PBXNativeTarget section */
		CD897AE32A57B8AE00F4A8CB /* PhotoApp */ = {
			isa = PBXNativeTarget;
			buildConfigurationList = CD897B0E2A57B8AF00F4A8CB /* Build configuration list for PBXNativeTarget "PhotoApp" */;
			buildPhases = (
				CD897AE02A57B8AE00F4A8CB /* Sources */,
				CD897AE12A57B8AE00F4A8CB /* Frameworks */,
				CD897AE22A57B8AE00F4A8CB /* Resources */,
			);
			buildRules = (
			);
			dependencies = (
			);
			name = PhotoApp;
			productName = PhotoApp;
			productReference = CD897AE42A57B8AE00F4A8CB /* PhotoApp.app */;
			productType = "com.apple.product-type.application";
		};
		CD897AF92A57B8AF00F4A8CB /* PhotoAppTests */ = {
			isa = PBXNativeTarget;
			buildConfigurationList = CD897B112A57B8AF00F4A8CB /* Build configuration list for PBXNativeTarget "PhotoAppTests" */;
			buildPhases = (
				CD897AF62A57B8AF00F4A8CB /* Sources */,
				CD897AF72A57B8AF00F4A8CB /* Frameworks */,
				CD897AF82A57B8AF00F4A8CB /* Resources */,
			);
			buildRules = (
			);
			dependencies = (
				CD897AFC2A57B8AF00F4A8CB /* PBXTargetDependency */,
			);
			name = PhotoAppTests;
			productName = PhotoAppTests;
			productReference = CD897AFA2A57B8AF00F4A8CB /* PhotoAppTests.xctest */;
			productType = "com.apple.product-type.bundle.unit-test";
		};
		CD897B032A57B8AF00F4A8CB /* PhotoAppUITests */ = {
			isa = PBXNativeTarget;
			buildConfigurationList = CD897B142A57B8AF00F4A8CB /* Build configuration list for PBXNativeTarget "PhotoAppUITests" */;
			buildPhases = (
				CD897B002A57B8AF00F4A8CB /* Sources */,
				CD897B012A57B8AF00F4A8CB /* Frameworks */,
				CD897B022A57B8AF00F4A8CB /* Resources */,
			);
			buildRules = (
			);
			dependencies = (
				CD897B062A57B8AF00F4A8CB /* PBXTargetDependency */,
			);
			name = PhotoAppUITests;
			productName = PhotoAppUITests;
			productReference = CD897B042A57B8AF00F4A8CB /* PhotoAppUITests.xctest */;
			productType = "com.apple.product-type.bundle.ui-testing";
		};
/* End PBXNativeTarget section */

/* Begin PBXProject section */
		CD897ADC2A57B8AE00F4A8CB /* Project object */ = {
			isa = PBXProject;
			attributes = {
				BuildIndependentTargetsInParallel = 1;
				LastSwiftUpdateCheck = 1430;
				LastUpgradeCheck = 1430;
				TargetAttributes = {
					CD897AE32A57B8AE00F4A8CB = {
						CreatedOnToolsVersion = 14.3.1;
					};
					CD897AF92A57B8AF00F4A8CB = {
						CreatedOnToolsVersion = 14.3.1;
						TestTargetID = CD897AE32A57B8AE00F4A8CB;
					};
					CD897B032A57B8AF00F4A8CB = {
						CreatedOnToolsVersion = 14.3.1;
						TestTargetID = CD897AE32A57B8AE00F4A8CB;
					};
				};
			};
			buildConfigurationList = CD897ADF2A57B8AE00F4A8CB /* Build configuration list for PBXProject "PhotoApp" */;
			compatibilityVersion = "Xcode 14.0";
			developmentRegion = en;
			hasScannedForEncodings = 0;
			knownRegions = (
				en,
				Base,
			);
			mainGroup = CD897ADB2A57B8AE00F4A8CB;
			productRefGroup = CD897AE52A57B8AE00F4A8CB /* Products */;
			projectDirPath = "";
			projectRoot = "";
			targets = (
				CD897AE32A57B8AE00F4A8CB /* PhotoApp */,
				CD897AF92A57B8AF00F4A8CB /* PhotoAppTests */,
				CD897B032A57B8AF00F4A8CB /* PhotoAppUITests */,
			);
		};
/* End PBXProject section */

/* Begin PBXResourcesBuildPhase section */
		CD897AE22A57B8AE00F4A8CB /* Resources */ = {
			isa = PBXResourcesBuildPhase;
			buildActionMask = 2147483647;
			files = (
				CD897AF42A57B8AF00F4A8CB /* LaunchScreen.storyboard in Resources */,
				CD897AF12A57B8AF00F4A8CB /* Assets.xcassets in Resources */,
				CD897AEF2A57B8AE00F4A8CB /* Main.storyboard in Resources */,
			);
			runOnlyForDeploymentPostprocessing = 0;
		};
		CD897AF82A57B8AF00F4A8CB /* Resources */ = {
			isa = PBXResourcesBuildPhase;
			buildActionMask = 2147483647;
			files = (
			);
			runOnlyForDeploymentPostprocessing = 0;
		};
		CD897B022A57B8AF00F4A8CB /* Resources */ = {
			isa = PBXResourcesBuildPhase;
			buildActionMask = 2147483647;
			files = (
			);
			runOnlyForDeploymentPostprocessing = 0;
		};
/* End PBXResourcesBuildPhase section */

/* Begin PBXSourcesBuildPhase section */
		CD897AE02A57B8AE00F4A8CB /* Sources */ = {
			isa = PBXSourcesBuildPhase;
			buildActionMask = 2147483647;
			files = (
				CD4633672A57D51F00DFB47B /* SignupWebService.swift in Sources */,
				CD46336D2A57D79900DFB47B /* SignupResponseModel.swift in Sources */,
				CD897B192A57C24700F4A8CB /* SignupFormValidator.swift in Sources */,
				CD897AEC2A57B8AE00F4A8CB /* ViewController.swift in Sources */,
				CD46336F2A57D7A700DFB47B /* SignupError.swift in Sources */,
				CD46336A2A57D5D600DFB47B /* SignupFormRequestModel.swift in Sources */,
				CD897AE82A57B8AE00F4A8CB /* AppDelegate.swift in Sources */,
				CD897AEA2A57B8AE00F4A8CB /* SceneDelegate.swift in Sources */,
			);
			runOnlyForDeploymentPostprocessing = 0;
		};
		CD897AF62A57B8AF00F4A8CB /* Sources */ = {
			isa = PBXSourcesBuildPhase;
			buildActionMask = 2147483647;
			files = (
				CD4633682A57D51F00DFB47B /* SignupWebService.swift in Sources */,
				CD897B1C2A57C26600F4A8CB /* SignupFormValidatorTests.swift in Sources */,
				CD897B1D2A57C34E00F4A8CB /* SignupFormValidator.swift in Sources */,
				CD46336B2A57D5D600DFB47B /* SignupFormRequestModel.swift in Sources */,
				CD4633652A57D4A400DFB47B /* SignupWebServiceTests.swift in Sources */,
				CD897AFF2A57B8AF00F4A8CB /* PhotoAppTests.swift in Sources */,
			);
			runOnlyForDeploymentPostprocessing = 0;
		};
		CD897B002A57B8AF00F4A8CB /* Sources */ = {
			isa = PBXSourcesBuildPhase;
			buildActionMask = 2147483647;
			files = (
				CD897B0B2A57B8AF00F4A8CB /* PhotoAppUITestsLaunchTests.swift in Sources */,
				CD897B092A57B8AF00F4A8CB /* PhotoAppUITests.swift in Sources */,
			);
			runOnlyForDeploymentPostprocessing = 0;
		};
/* End PBXSourcesBuildPhase section */

/* Begin PBXTargetDependency section */
		CD897AFC2A57B8AF00F4A8CB /* PBXTargetDependency */ = {
			isa = PBXTargetDependency;
			target = CD897AE32A57B8AE00F4A8CB /* PhotoApp */;
			targetProxy = CD897AFB2A57B8AF00F4A8CB /* PBXContainerItemProxy */;
		};
		CD897B062A57B8AF00F4A8CB /* PBXTargetDependency */ = {
			isa = PBXTargetDependency;
			target = CD897AE32A57B8AE00F4A8CB /* PhotoApp */;
			targetProxy = CD897B052A57B8AF00F4A8CB /* PBXContainerItemProxy */;
		};
/* End PBXTargetDependency section */

/* Begin PBXVariantGroup section */
		CD897AED2A57B8AE00F4A8CB /* Main.storyboard */ = {
			isa = PBXVariantGroup;
			children = (
				CD897AEE2A57B8AE00F4A8CB /* Base */,
			);
			name = Main.storyboard;
			sourceTree = "<group>";
		};
		CD897AF22A57B8AF00F4A8CB /* LaunchScreen.storyboard */ = {
			isa = PBXVariantGroup;
			children = (
				CD897AF32A57B8AF00F4A8CB /* Base */,
			);
			name = LaunchScreen.storyboard;
			sourceTree = "<group>";
		};
/* End PBXVariantGroup section */

/* Begin XCBuildConfiguration section */
		CD897B0C2A57B8AF00F4A8CB /* Debug */ = {
			isa = XCBuildConfiguration;
			buildSettings = {
				ALWAYS_SEARCH_USER_PATHS = NO;
				CLANG_ANALYZER_NONNULL = YES;
				CLANG_ANALYZER_NUMBER_OBJECT_CONVERSION = YES_AGGRESSIVE;
				CLANG_CXX_LANGUAGE_STANDARD = "gnu++20";
				CLANG_ENABLE_MODULES = YES;
				CLANG_ENABLE_OBJC_ARC = YES;
				CLANG_ENABLE_OBJC_WEAK = YES;
				CLANG_WARN_BLOCK_CAPTURE_AUTORELEASING = YES;
				CLANG_WARN_BOOL_CONVERSION = YES;
				CLANG_WARN_COMMA = YES;
				CLANG_WARN_CONSTANT_CONVERSION = YES;
				CLANG_WARN_DEPRECATED_OBJC_IMPLEMENTATIONS = YES;
				CLANG_WARN_DIRECT_OBJC_ISA_USAGE = YES_ERROR;
				CLANG_WARN_DOCUMENTATION_COMMENTS = YES;
				CLANG_WARN_EMPTY_BODY = YES;
				CLANG_WARN_ENUM_CONVERSION = YES;
				CLANG_WARN_INFINITE_RECURSION = YES;
				CLANG_WARN_INT_CONVERSION = YES;
				CLANG_WARN_NON_LITERAL_NULL_CONVERSION = YES;
				CLANG_WARN_OBJC_IMPLICIT_RETAIN_SELF = YES;
				CLANG_WARN_OBJC_LITERAL_CONVERSION = YES;
				CLANG_WARN_OBJC_ROOT_CLASS = YES_ERROR;
				CLANG_WARN_QUOTED_INCLUDE_IN_FRAMEWORK_HEADER = YES;
				CLANG_WARN_RANGE_LOOP_ANALYSIS = YES;
				CLANG_WARN_STRICT_PROTOTYPES = YES;
				CLANG_WARN_SUSPICIOUS_MOVE = YES;
				CLANG_WARN_UNGUARDED_AVAILABILITY = YES_AGGRESSIVE;
				CLANG_WARN_UNREACHABLE_CODE = YES;
				CLANG_WARN__DUPLICATE_METHOD_MATCH = YES;
				COPY_PHASE_STRIP = NO;
				DEBUG_INFORMATION_FORMAT = dwarf;
				ENABLE_STRICT_OBJC_MSGSEND = YES;
				ENABLE_TESTABILITY = YES;
				GCC_C_LANGUAGE_STANDARD = gnu11;
				GCC_DYNAMIC_NO_PIC = NO;
				GCC_NO_COMMON_BLOCKS = YES;
				GCC_OPTIMIZATION_LEVEL = 0;
				GCC_PREPROCESSOR_DEFINITIONS = (
					"DEBUG=1",
					"$(inherited)",
				);
				GCC_WARN_64_TO_32_BIT_CONVERSION = YES;
				GCC_WARN_ABOUT_RETURN_TYPE = YES_ERROR;
				GCC_WARN_UNDECLARED_SELECTOR = YES;
				GCC_WARN_UNINITIALIZED_AUTOS = YES_AGGRESSIVE;
				GCC_WARN_UNUSED_FUNCTION = YES;
				GCC_WARN_UNUSED_VARIABLE = YES;
				IPHONEOS_DEPLOYMENT_TARGET = 16.4;
				MTL_ENABLE_DEBUG_INFO = INCLUDE_SOURCE;
				MTL_FAST_MATH = YES;
				ONLY_ACTIVE_ARCH = YES;
				SDKROOT = iphoneos;
				SWIFT_ACTIVE_COMPILATION_CONDITIONS = DEBUG;
				SWIFT_OPTIMIZATION_LEVEL = "-Onone";
			};
			name = Debug;
		};
		CD897B0D2A57B8AF00F4A8CB /* Release */ = {
			isa = XCBuildConfiguration;
			buildSettings = {
				ALWAYS_SEARCH_USER_PATHS = NO;
				CLANG_ANALYZER_NONNULL = YES;
				CLANG_ANALYZER_NUMBER_OBJECT_CONVERSION = YES_AGGRESSIVE;
				CLANG_CXX_LANGUAGE_STANDARD = "gnu++20";
				CLANG_ENABLE_MODULES = YES;
				CLANG_ENABLE_OBJC_ARC = YES;
				CLANG_ENABLE_OBJC_WEAK = YES;
				CLANG_WARN_BLOCK_CAPTURE_AUTORELEASING = YES;
				CLANG_WARN_BOOL_CONVERSION = YES;
				CLANG_WARN_COMMA = YES;
				CLANG_WARN_CONSTANT_CONVERSION = YES;
				CLANG_WARN_DEPRECATED_OBJC_IMPLEMENTATIONS = YES;
				CLANG_WARN_DIRECT_OBJC_ISA_USAGE = YES_ERROR;
				CLANG_WARN_DOCUMENTATION_COMMENTS = YES;
				CLANG_WARN_EMPTY_BODY = YES;
				CLANG_WARN_ENUM_CONVERSION = YES;
				CLANG_WARN_INFINITE_RECURSION = YES;
				CLANG_WARN_INT_CONVERSION = YES;
				CLANG_WARN_NON_LITERAL_NULL_CONVERSION = YES;
				CLANG_WARN_OBJC_IMPLICIT_RETAIN_SELF = YES;
				CLANG_WARN_OBJC_LITERAL_CONVERSION = YES;
				CLANG_WARN_OBJC_ROOT_CLASS = YES_ERROR;
				CLANG_WARN_QUOTED_INCLUDE_IN_FRAMEWORK_HEADER = YES;
				CLANG_WARN_RANGE_LOOP_ANALYSIS = YES;
				CLANG_WARN_STRICT_PROTOTYPES = YES;
				CLANG_WARN_SUSPICIOUS_MOVE = YES;
				CLANG_WARN_UNGUARDED_AVAILABILITY = YES_AGGRESSIVE;
				CLANG_WARN_UNREACHABLE_CODE = YES;
				CLANG_WARN__DUPLICATE_METHOD_MATCH = YES;
				COPY_PHASE_STRIP = NO;
				DEBUG_INFORMATION_FORMAT = "dwarf-with-dsym";
				ENABLE_NS_ASSERTIONS = NO;
				ENABLE_STRICT_OBJC_MSGSEND = YES;
				GCC_C_LANGUAGE_STANDARD = gnu11;
				GCC_NO_COMMON_BLOCKS = YES;
				GCC_WARN_64_TO_32_BIT_CONVERSION = YES;
				GCC_WARN_ABOUT_RETURN_TYPE = YES_ERROR;
				GCC_WARN_UNDECLARED_SELECTOR = YES;
				GCC_WARN_UNINITIALIZED_AUTOS = YES_AGGRESSIVE;
				GCC_WARN_UNUSED_FUNCTION = YES;
				GCC_WARN_UNUSED_VARIABLE = YES;
				IPHONEOS_DEPLOYMENT_TARGET = 16.4;
				MTL_ENABLE_DEBUG_INFO = NO;
				MTL_FAST_MATH = YES;
				SDKROOT = iphoneos;
				SWIFT_COMPILATION_MODE = wholemodule;
				SWIFT_OPTIMIZATION_LEVEL = "-O";
				VALIDATE_PRODUCT = YES;
			};
			name = Release;
		};
		CD897B0F2A57B8AF00F4A8CB /* Debug */ = {
			isa = XCBuildConfiguration;
			buildSettings = {
				ASSETCATALOG_COMPILER_APPICON_NAME = AppIcon;
				ASSETCATALOG_COMPILER_GLOBAL_ACCENT_COLOR_NAME = AccentColor;
				CODE_SIGN_STYLE = Automatic;
				CURRENT_PROJECT_VERSION = 1;
				DEVELOPMENT_TEAM = 944MKRCGTA;
				GENERATE_INFOPLIST_FILE = YES;
				INFOPLIST_FILE = PhotoApp/Info.plist;
				INFOPLIST_KEY_UIApplicationSupportsIndirectInputEvents = YES;
				INFOPLIST_KEY_UILaunchStoryboardName = LaunchScreen;
				INFOPLIST_KEY_UIMainStoryboardFile = Main;
				INFOPLIST_KEY_UISupportedInterfaceOrientations_iPad = "UIInterfaceOrientationPortrait UIInterfaceOrientationPortraitUpsideDown UIInterfaceOrientationLandscapeLeft UIInterfaceOrientationLandscapeRight";
				INFOPLIST_KEY_UISupportedInterfaceOrientations_iPhone = "UIInterfaceOrientationPortrait UIInterfaceOrientationLandscapeLeft UIInterfaceOrientationLandscapeRight";
				LD_RUNPATH_SEARCH_PATHS = (
					"$(inherited)",
					"@executable_path/Frameworks",
				);
				MARKETING_VERSION = 1.0;
				PRODUCT_BUNDLE_IDENTIFIER = com.oquad.PhotoApp;
				PRODUCT_NAME = "$(TARGET_NAME)";
				SWIFT_EMIT_LOC_STRINGS = YES;
				SWIFT_VERSION = 5.0;
				TARGETED_DEVICE_FAMILY = "1,2";
			};
			name = Debug;
		};
		CD897B102A57B8AF00F4A8CB /* Release */ = {
			isa = XCBuildConfiguration;
			buildSettings = {
				ASSETCATALOG_COMPILER_APPICON_NAME = AppIcon;
				ASSETCATALOG_COMPILER_GLOBAL_ACCENT_COLOR_NAME = AccentColor;
				CODE_SIGN_STYLE = Automatic;
				CURRENT_PROJECT_VERSION = 1;
				DEVELOPMENT_TEAM = 944MKRCGTA;
				GENERATE_INFOPLIST_FILE = YES;
				INFOPLIST_FILE = PhotoApp/Info.plist;
				INFOPLIST_KEY_UIApplicationSupportsIndirectInputEvents = YES;
				INFOPLIST_KEY_UILaunchStoryboardName = LaunchScreen;
				INFOPLIST_KEY_UIMainStoryboardFile = Main;
				INFOPLIST_KEY_UISupportedInterfaceOrientations_iPad = "UIInterfaceOrientationPortrait UIInterfaceOrientationPortraitUpsideDown UIInterfaceOrientationLandscapeLeft UIInterfaceOrientationLandscapeRight";
				INFOPLIST_KEY_UISupportedInterfaceOrientations_iPhone = "UIInterfaceOrientationPortrait UIInterfaceOrientationLandscapeLeft UIInterfaceOrientationLandscapeRight";
				LD_RUNPATH_SEARCH_PATHS = (
					"$(inherited)",
					"@executable_path/Frameworks",
				);
				MARKETING_VERSION = 1.0;
				PRODUCT_BUNDLE_IDENTIFIER = com.oquad.PhotoApp;
				PRODUCT_NAME = "$(TARGET_NAME)";
				SWIFT_EMIT_LOC_STRINGS = YES;
				SWIFT_VERSION = 5.0;
				TARGETED_DEVICE_FAMILY = "1,2";
			};
			name = Release;
		};
		CD897B122A57B8AF00F4A8CB /* Debug */ = {
			isa = XCBuildConfiguration;
			buildSettings = {
				ALWAYS_EMBED_SWIFT_STANDARD_LIBRARIES = YES;
				BUNDLE_LOADER = "$(TEST_HOST)";
				CODE_SIGN_STYLE = Automatic;
				CURRENT_PROJECT_VERSION = 1;
				DEVELOPMENT_TEAM = 944MKRCGTA;
				GENERATE_INFOPLIST_FILE = YES;
				IPHONEOS_DEPLOYMENT_TARGET = 16.4;
				MARKETING_VERSION = 1.0;
				PRODUCT_BUNDLE_IDENTIFIER = com.oquad.PhotoAppTests;
				PRODUCT_NAME = "$(TARGET_NAME)";
				SWIFT_EMIT_LOC_STRINGS = NO;
				SWIFT_VERSION = 5.0;
				TARGETED_DEVICE_FAMILY = "1,2";
				TEST_HOST = "$(BUILT_PRODUCTS_DIR)/PhotoApp.app/$(BUNDLE_EXECUTABLE_FOLDER_PATH)/PhotoApp";
			};
			name = Debug;
		};
		CD897B132A57B8AF00F4A8CB /* Release */ = {
			isa = XCBuildConfiguration;
			buildSettings = {
				ALWAYS_EMBED_SWIFT_STANDARD_LIBRARIES = YES;
				BUNDLE_LOADER = "$(TEST_HOST)";
				CODE_SIGN_STYLE = Automatic;
				CURRENT_PROJECT_VERSION = 1;
				DEVELOPMENT_TEAM = 944MKRCGTA;
				GENERATE_INFOPLIST_FILE = YES;
				IPHONEOS_DEPLOYMENT_TARGET = 16.4;
				MARKETING_VERSION = 1.0;
				PRODUCT_BUNDLE_IDENTIFIER = com.oquad.PhotoAppTests;
				PRODUCT_NAME = "$(TARGET_NAME)";
				SWIFT_EMIT_LOC_STRINGS = NO;
				SWIFT_VERSION = 5.0;
				TARGETED_DEVICE_FAMILY = "1,2";
				TEST_HOST = "$(BUILT_PRODUCTS_DIR)/PhotoApp.app/$(BUNDLE_EXECUTABLE_FOLDER_PATH)/PhotoApp";
			};
			name = Release;
		};
		CD897B152A57B8AF00F4A8CB /* Debug */ = {
			isa = XCBuildConfiguration;
			buildSettings = {
				ALWAYS_EMBED_SWIFT_STANDARD_LIBRARIES = YES;
				CODE_SIGN_STYLE = Automatic;
				CURRENT_PROJECT_VERSION = 1;
				DEVELOPMENT_TEAM = 944MKRCGTA;
				GENERATE_INFOPLIST_FILE = YES;
				MARKETING_VERSION = 1.0;
				PRODUCT_BUNDLE_IDENTIFIER = com.oquad.PhotoAppUITests;
				PRODUCT_NAME = "$(TARGET_NAME)";
				SWIFT_EMIT_LOC_STRINGS = NO;
				SWIFT_VERSION = 5.0;
				TARGETED_DEVICE_FAMILY = "1,2";
				TEST_TARGET_NAME = PhotoApp;
			};
			name = Debug;
		};
		CD897B162A57B8AF00F4A8CB /* Release */ = {
			isa = XCBuildConfiguration;
			buildSettings = {
				ALWAYS_EMBED_SWIFT_STANDARD_LIBRARIES = YES;
				CODE_SIGN_STYLE = Automatic;
				CURRENT_PROJECT_VERSION = 1;
				DEVELOPMENT_TEAM = 944MKRCGTA;
				GENERATE_INFOPLIST_FILE = YES;
				MARKETING_VERSION = 1.0;
				PRODUCT_BUNDLE_IDENTIFIER = com.oquad.PhotoAppUITests;
				PRODUCT_NAME = "$(TARGET_NAME)";
				SWIFT_EMIT_LOC_STRINGS = NO;
				SWIFT_VERSION = 5.0;
				TARGETED_DEVICE_FAMILY = "1,2";
				TEST_TARGET_NAME = PhotoApp;
			};
			name = Release;
		};
/* End XCBuildConfiguration section */

/* Begin XCConfigurationList section */
		CD897ADF2A57B8AE00F4A8CB /* Build configuration list for PBXProject "PhotoApp" */ = {
			isa = XCConfigurationList;
			buildConfigurations = (
				CD897B0C2A57B8AF00F4A8CB /* Debug */,
				CD897B0D2A57B8AF00F4A8CB /* Release */,
			);
			defaultConfigurationIsVisible = 0;
			defaultConfigurationName = Release;
		};
		CD897B0E2A57B8AF00F4A8CB /* Build configuration list for PBXNativeTarget "PhotoApp" */ = {
			isa = XCConfigurationList;
			buildConfigurations = (
				CD897B0F2A57B8AF00F4A8CB /* Debug */,
				CD897B102A57B8AF00F4A8CB /* Release */,
			);
			defaultConfigurationIsVisible = 0;
			defaultConfigurationName = Release;
		};
		CD897B112A57B8AF00F4A8CB /* Build configuration list for PBXNativeTarget "PhotoAppTests" */ = {
			isa = XCConfigurationList;
			buildConfigurations = (
				CD897B122A57B8AF00F4A8CB /* Debug */,
				CD897B132A57B8AF00F4A8CB /* Release */,
			);
			defaultConfigurationIsVisible = 0;
			defaultConfigurationName = Release;
		};
		CD897B142A57B8AF00F4A8CB /* Build configuration list for PBXNativeTarget "PhotoAppUITests" */ = {
			isa = XCConfigurationList;
			buildConfigurations = (
				CD897B152A57B8AF00F4A8CB /* Debug */,
				CD897B162A57B8AF00F4A8CB /* Release */,
			);
			defaultConfigurationIsVisible = 0;
			defaultConfigurationName = Release;
		};
/* End XCConfigurationList section */
	};
	rootObject = CD897ADC2A57B8AE00F4A8CB /* Project object */;
}
